// !$*UTF8*$!
{
	archiveVersion = 1;
	classes = {
	};
	objectVersion = 50;
	objects = {

/* Begin PBXBuildFile section */
		B7267AC724B5044C004999B5 /* AppDelegate.swift in Sources */ = {isa = PBXBuildFile; fileRef = B7267AC624B5044C004999B5 /* AppDelegate.swift */; };
		B7267AC924B5044C004999B5 /* SceneDelegate.swift in Sources */ = {isa = PBXBuildFile; fileRef = B7267AC824B5044C004999B5 /* SceneDelegate.swift */; };
		B7267ACB24B5044C004999B5 /* HomeVC.swift in Sources */ = {isa = PBXBuildFile; fileRef = B7267ACA24B5044C004999B5 /* HomeVC.swift */; };
		B7267ACE24B5044C004999B5 /* Main.storyboard in Resources */ = {isa = PBXBuildFile; fileRef = B7267ACC24B5044C004999B5 /* Main.storyboard */; };
		B7267AD024B5044E004999B5 /* Assets.xcassets in Resources */ = {isa = PBXBuildFile; fileRef = B7267ACF24B5044E004999B5 /* Assets.xcassets */; };
		B7267AD324B5044E004999B5 /* LaunchScreen.storyboard in Resources */ = {isa = PBXBuildFile; fileRef = B7267AD124B5044E004999B5 /* LaunchScreen.storyboard */; };
		B777BB7224BCF2EE00099D05 /* NewExpanseVC.swift in Sources */ = {isa = PBXBuildFile; fileRef = B777BB7124BCF2EE00099D05 /* NewExpanseVC.swift */; };
		B777BB7724BCFA4F00099D05 /* ExpanseTextField.swift in Sources */ = {isa = PBXBuildFile; fileRef = B777BB7624BCFA4F00099D05 /* ExpanseTextField.swift */; };
		B7CC047024B7499500D617FF /* spentTableViewCell.swift in Sources */ = {isa = PBXBuildFile; fileRef = B7CC046F24B7499500D617FF /* spentTableViewCell.swift */; };
		B7CC047424B8FD1E00D617FF /* monthCollectionViewCell.swift in Sources */ = {isa = PBXBuildFile; fileRef = B7CC047324B8FD1E00D617FF /* monthCollectionViewCell.swift */; };
/* End PBXBuildFile section */

/* Begin PBXFileReference section */
		B7267AC324B5044C004999B5 /* Simp.app */ = {isa = PBXFileReference; explicitFileType = wrapper.application; includeInIndex = 0; path = Simp.app; sourceTree = BUILT_PRODUCTS_DIR; };
		B7267AC624B5044C004999B5 /* AppDelegate.swift */ = {isa = PBXFileReference; lastKnownFileType = sourcecode.swift; path = AppDelegate.swift; sourceTree = "<group>"; };
		B7267AC824B5044C004999B5 /* SceneDelegate.swift */ = {isa = PBXFileReference; lastKnownFileType = sourcecode.swift; path = SceneDelegate.swift; sourceTree = "<group>"; };
		B7267ACA24B5044C004999B5 /* HomeVC.swift */ = {isa = PBXFileReference; lastKnownFileType = sourcecode.swift; path = HomeVC.swift; sourceTree = "<group>"; };
		B7267ACD24B5044C004999B5 /* Base */ = {isa = PBXFileReference; lastKnownFileType = file.storyboard; name = Base; path = Base.lproj/Main.storyboard; sourceTree = "<group>"; };
		B7267ACF24B5044E004999B5 /* Assets.xcassets */ = {isa = PBXFileReference; lastKnownFileType = folder.assetcatalog; path = Assets.xcassets; sourceTree = "<group>"; };
		B7267AD224B5044E004999B5 /* Base */ = {isa = PBXFileReference; lastKnownFileType = file.storyboard; name = Base; path = Base.lproj/LaunchScreen.storyboard; sourceTree = "<group>"; };
		B7267AD424B5044E004999B5 /* Info.plist */ = {isa = PBXFileReference; lastKnownFileType = text.plist.xml; path = Info.plist; sourceTree = "<group>"; };
		B777BB7124BCF2EE00099D05 /* NewExpanseVC.swift */ = {isa = PBXFileReference; lastKnownFileType = sourcecode.swift; path = NewExpanseVC.swift; sourceTree = "<group>"; };
		B777BB7624BCFA4F00099D05 /* ExpanseTextField.swift */ = {isa = PBXFileReference; lastKnownFileType = sourcecode.swift; path = ExpanseTextField.swift; sourceTree = "<group>"; };
		B7CC046F24B7499500D617FF /* spentTableViewCell.swift */ = {isa = PBXFileReference; lastKnownFileType = sourcecode.swift; path = spentTableViewCell.swift; sourceTree = "<group>"; };
		B7CC047324B8FD1E00D617FF /* monthCollectionViewCell.swift */ = {isa = PBXFileReference; lastKnownFileType = sourcecode.swift; path = monthCollectionViewCell.swift; sourceTree = "<group>"; };
/* End PBXFileReference section */

/* Begin PBXFrameworksBuildPhase section */
		B7267AC024B5044C004999B5 /* Frameworks */ = {
			isa = PBXFrameworksBuildPhase;
			buildActionMask = 2147483647;
			files = (
			);
			runOnlyForDeploymentPostprocessing = 0;
		};
/* End PBXFrameworksBuildPhase section */

/* Begin PBXGroup section */
		B7267ABA24B5044C004999B5 = {
			isa = PBXGroup;
			children = (
				B7267AC524B5044C004999B5 /* Simp */,
				B7267AC424B5044C004999B5 /* Products */,
			);
			sourceTree = "<group>";
		};
		B7267AC424B5044C004999B5 /* Products */ = {
			isa = PBXGroup;
			children = (
				B7267AC324B5044C004999B5 /* Simp.app */,
			);
			name = Products;
			sourceTree = "<group>";
		};
		B7267AC524B5044C004999B5 /* Simp */ = {
			isa = PBXGroup;
			children = (
				B7CC046C24B7492B00D617FF /* Model */,
				B7CC046D24B7493600D617FF /* View */,
				B7CC046E24B7493B00D617FF /* Controller */,
				B7267AC624B5044C004999B5 /* AppDelegate.swift */,
				B7267AC824B5044C004999B5 /* SceneDelegate.swift */,
				B7267ACC24B5044C004999B5 /* Main.storyboard */,
				B7267ACF24B5044E004999B5 /* Assets.xcassets */,
				B7267AD124B5044E004999B5 /* LaunchScreen.storyboard */,
				B7267AD424B5044E004999B5 /* Info.plist */,
			);
			path = Simp;
			sourceTree = "<group>";
		};
		B777BB7524BCF5B200099D05 /* TextField */ = {
			isa = PBXGroup;
			children = (
				B777BB7624BCFA4F00099D05 /* ExpanseTextField.swift */,
			);
			path = TextField;
			sourceTree = "<group>";
		};
		B777BB7824BCFD5300099D05 /* Button */ = {
			isa = PBXGroup;
			children = (
			);
			path = Button;
			sourceTree = "<group>";
		};
		B7CC046C24B7492B00D617FF /* Model */ = {
			isa = PBXGroup;
			children = (
			);
			path = Model;
			sourceTree = "<group>";
		};
		B7CC046D24B7493600D617FF /* View */ = {
			isa = PBXGroup;
			children = (
				B777BB7824BCFD5300099D05 /* Button */,
				B777BB7524BCF5B200099D05 /* TextField */,
				B7CC047224B74AE200D617FF /* CollectionView */,
				B7CC047124B74AD800D617FF /* TableView */,
			);
			path = View;
			sourceTree = "<group>";
		};
		B7CC046E24B7493B00D617FF /* Controller */ = {
			isa = PBXGroup;
			children = (
				B7267ACA24B5044C004999B5 /* HomeVC.swift */,
				B777BB7124BCF2EE00099D05 /* NewExpanseVC.swift */,
			);
			path = Controller;
			sourceTree = "<group>";
		};
		B7CC047124B74AD800D617FF /* TableView */ = {
			isa = PBXGroup;
			children = (
				B7CC046F24B7499500D617FF /* spentTableViewCell.swift */,
			);
			path = TableView;
			sourceTree = "<group>";
		};
		B7CC047224B74AE200D617FF /* CollectionView */ = {
			isa = PBXGroup;
			children = (
				B7CC047324B8FD1E00D617FF /* monthCollectionViewCell.swift */,
			);
			path = CollectionView;
			sourceTree = "<group>";
		};
/* End PBXGroup section */

/* Begin PBXNativeTarget section */
		B7267AC224B5044C004999B5 /* Simp */ = {
			isa = PBXNativeTarget;
			buildConfigurationList = B7267AD724B5044E004999B5 /* Build configuration list for PBXNativeTarget "Simp" */;
			buildPhases = (
				B7267ABF24B5044C004999B5 /* Sources */,
				B7267AC024B5044C004999B5 /* Frameworks */,
				B7267AC124B5044C004999B5 /* Resources */,
			);
			buildRules = (
			);
			dependencies = (
			);
			name = Simp;
			productName = Simp;
			productReference = B7267AC324B5044C004999B5 /* Simp.app */;
			productType = "com.apple.product-type.application";
		};
/* End PBXNativeTarget section */

/* Begin PBXProject section */
		B7267ABB24B5044C004999B5 /* Project object */ = {
			isa = PBXProject;
			attributes = {
				LastSwiftUpdateCheck = 1150;
				LastUpgradeCheck = 1150;
				ORGANIZATIONNAME = "Rodrigo Lemos";
				TargetAttributes = {
					B7267AC224B5044C004999B5 = {
						CreatedOnToolsVersion = 11.5;
					};
				};
			};
			buildConfigurationList = B7267ABE24B5044C004999B5 /* Build configuration list for PBXProject "Simp" */;
			compatibilityVersion = "Xcode 9.3";
			developmentRegion = en;
			hasScannedForEncodings = 0;
			knownRegions = (
				en,
				Base,
			);
			mainGroup = B7267ABA24B5044C004999B5;
			productRefGroup = B7267AC424B5044C004999B5 /* Products */;
			projectDirPath = "";
			projectRoot = "";
			targets = (
				B7267AC224B5044C004999B5 /* Simp */,
			);
		};
/* End PBXProject section */

/* Begin PBXResourcesBuildPhase section */
		B7267AC124B5044C004999B5 /* Resources */ = {
			isa = PBXResourcesBuildPhase;
			buildActionMask = 2147483647;
			files = (
				B7267AD324B5044E004999B5 /* LaunchScreen.storyboard in Resources */,
				B7267AD024B5044E004999B5 /* Assets.xcassets in Resources */,
				B7267ACE24B5044C004999B5 /* Main.storyboard in Resources */,
			);
			runOnlyForDeploymentPostprocessing = 0;
		};
/* End PBXResourcesBuildPhase section */

/* Begin PBXSourcesBuildPhase section */
		B7267ABF24B5044C004999B5 /* Sources */ = {
			isa = PBXSourcesBuildPhase;
			buildActionMask = 2147483647;
			files = (
				B7CC047024B7499500D617FF /* spentTableViewCell.swift in Sources */,
				B7267ACB24B5044C004999B5 /* HomeVC.swift in Sources */,
				B777BB7724BCFA4F00099D05 /* ExpanseTextField.swift in Sources */,
				B7CC047424B8FD1E00D617FF /* monthCollectionViewCell.swift in Sources */,
				B7267AC724B5044C004999B5 /* AppDelegate.swift in Sources */,
				B777BB7224BCF2EE00099D05 /* NewExpanseVC.swift in Sources */,
				B7267AC924B5044C004999B5 /* SceneDelegate.swift in Sources */,
			);
			runOnlyForDeploymentPostprocessing = 0;
		};
/* End PBXSourcesBuildPhase section */

/* Begin PBXVariantGroup section */
		B7267ACC24B5044C004999B5 /* Main.storyboard */ = {
			isa = PBXVariantGroup;
			children = (
				B7267ACD24B5044C004999B5 /* Base */,
			);
			name = Main.storyboard;
			sourceTree = "<group>";
		};
		B7267AD124B5044E004999B5 /* LaunchScreen.storyboard */ = {
			isa = PBXVariantGroup;
			children = (
				B7267AD224B5044E004999B5 /* Base */,
			);
			name = LaunchScreen.storyboard;
			sourceTree = "<group>";
		};
/* End PBXVariantGroup section */

/* Begin XCBuildConfiguration section */
		B7267AD524B5044E004999B5 /* Debug */ = {
			isa = XCBuildConfiguration;
			buildSettings = {
				ALWAYS_SEARCH_USER_PATHS = NO;
				CLANG_ANALYZER_NONNULL = YES;
				CLANG_ANALYZER_NUMBER_OBJECT_CONVERSION = YES_AGGRESSIVE;
				CLANG_CXX_LANGUAGE_STANDARD = "gnu++14";
				CLANG_CXX_LIBRARY = "libc++";
				CLANG_ENABLE_MODULES = YES;
				CLANG_ENABLE_OBJC_ARC = YES;
				CLANG_ENABLE_OBJC_WEAK = YES;
				CLANG_WARN_BLOCK_CAPTURE_AUTORELEASING = YES;
				CLANG_WARN_BOOL_CONVERSION = YES;
				CLANG_WARN_COMMA = YES;
				CLANG_WARN_CONSTANT_CONVERSION = YES;
				CLANG_WARN_DEPRECATED_OBJC_IMPLEMENTATIONS = YES;
				CLANG_WARN_DIRECT_OBJC_ISA_USAGE = YES_ERROR;
				CLANG_WARN_DOCUMENTATION_COMMENTS = YES;
				CLANG_WARN_EMPTY_BODY = YES;
				CLANG_WARN_ENUM_CONVERSION = YES;
				CLANG_WARN_INFINITE_RECURSION = YES;
				CLANG_WARN_INT_CONVERSION = YES;
				CLANG_WARN_NON_LITERAL_NULL_CONVERSION = YES;
				CLANG_WARN_OBJC_IMPLICIT_RETAIN_SELF = YES;
				CLANG_WARN_OBJC_LITERAL_CONVERSION = YES;
				CLANG_WARN_OBJC_ROOT_CLASS = YES_ERROR;
				CLANG_WARN_RANGE_LOOP_ANALYSIS = YES;
				CLANG_WARN_STRICT_PROTOTYPES = YES;
				CLANG_WARN_SUSPICIOUS_MOVE = YES;
				CLANG_WARN_UNGUARDED_AVAILABILITY = YES_AGGRESSIVE;
				CLANG_WARN_UNREACHABLE_CODE = YES;
				CLANG_WARN__DUPLICATE_METHOD_MATCH = YES;
				COPY_PHASE_STRIP = NO;
				DEBUG_INFORMATION_FORMAT = dwarf;
				ENABLE_STRICT_OBJC_MSGSEND = YES;
				ENABLE_TESTABILITY = YES;
				GCC_C_LANGUAGE_STANDARD = gnu11;
				GCC_DYNAMIC_NO_PIC = NO;
				GCC_NO_COMMON_BLOCKS = YES;
				GCC_OPTIMIZATION_LEVEL = 0;
				GCC_PREPROCESSOR_DEFINITIONS = (
					"DEBUG=1",
					"$(inherited)",
				);
				GCC_WARN_64_TO_32_BIT_CONVERSION = YES;
				GCC_WARN_ABOUT_RETURN_TYPE = YES_ERROR;
				GCC_WARN_UNDECLARED_SELECTOR = YES;
				GCC_WARN_UNINITIALIZED_AUTOS = YES_AGGRESSIVE;
				GCC_WARN_UNUSED_FUNCTION = YES;
				GCC_WARN_UNUSED_VARIABLE = YES;
				IPHONEOS_DEPLOYMENT_TARGET = 13.5;
				MTL_ENABLE_DEBUG_INFO = INCLUDE_SOURCE;
				MTL_FAST_MATH = YES;
				ONLY_ACTIVE_ARCH = YES;
				SDKROOT = iphoneos;
				SWIFT_ACTIVE_COMPILATION_CONDITIONS = DEBUG;
				SWIFT_OPTIMIZATION_LEVEL = "-Onone";
			};
			name = Debug;
		};
		B7267AD624B5044E004999B5 /* Release */ = {
			isa = XCBuildConfiguration;
			buildSettings = {
				ALWAYS_SEARCH_USER_PATHS = NO;
				CLANG_ANALYZER_NONNULL = YES;
				CLANG_ANALYZER_NUMBER_OBJECT_CONVERSION = YES_AGGRESSIVE;
				CLANG_CXX_LANGUAGE_STANDARD = "gnu++14";
				CLANG_CXX_LIBRARY = "libc++";
				CLANG_ENABLE_MODULES = YES;
				CLANG_ENABLE_OBJC_ARC = YES;
				CLANG_ENABLE_OBJC_WEAK = YES;
				CLANG_WARN_BLOCK_CAPTURE_AUTORELEASING = YES;
				CLANG_WARN_BOOL_CONVERSION = YES;
				CLANG_WARN_COMMA = YES;
				CLANG_WARN_CONSTANT_CONVERSION = YES;
				CLANG_WARN_DEPRECATED_OBJC_IMPLEMENTATIONS = YES;
				CLANG_WARN_DIRECT_OBJC_ISA_USAGE = YES_ERROR;
				CLANG_WARN_DOCUMENTATION_COMMENTS = YES;
				CLANG_WARN_EMPTY_BODY = YES;
				CLANG_WARN_ENUM_CONVERSION = YES;
				CLANG_WARN_INFINITE_RECURSION = YES;
				CLANG_WARN_INT_CONVERSION = YES;
				CLANG_WARN_NON_LITERAL_NULL_CONVERSION = YES;
				CLANG_WARN_OBJC_IMPLICIT_RETAIN_SELF = YES;
				CLANG_WARN_OBJC_LITERAL_CONVERSION = YES;
				CLANG_WARN_OBJC_ROOT_CLASS = YES_ERROR;
				CLANG_WARN_RANGE_LOOP_ANALYSIS = YES;
				CLANG_WARN_STRICT_PROTOTYPES = YES;
				CLANG_WARN_SUSPICIOUS_MOVE = YES;
				CLANG_WARN_UNGUARDED_AVAILABILITY = YES_AGGRESSIVE;
				CLANG_WARN_UNREACHABLE_CODE = YES;
				CLANG_WARN__DUPLICATE_METHOD_MATCH = YES;
				COPY_PHASE_STRIP = NO;
				DEBUG_INFORMATION_FORMAT = "dwarf-with-dsym";
				ENABLE_NS_ASSERTIONS = NO;
				ENABLE_STRICT_OBJC_MSGSEND = YES;
				GCC_C_LANGUAGE_STANDARD = gnu11;
				GCC_NO_COMMON_BLOCKS = YES;
				GCC_WARN_64_TO_32_BIT_CONVERSION = YES;
				GCC_WARN_ABOUT_RETURN_TYPE = YES_ERROR;
				GCC_WARN_UNDECLARED_SELECTOR = YES;
				GCC_WARN_UNINITIALIZED_AUTOS = YES_AGGRESSIVE;
				GCC_WARN_UNUSED_FUNCTION = YES;
				GCC_WARN_UNUSED_VARIABLE = YES;
				IPHONEOS_DEPLOYMENT_TARGET = 13.5;
				MTL_ENABLE_DEBUG_INFO = NO;
				MTL_FAST_MATH = YES;
				SDKROOT = iphoneos;
				SWIFT_COMPILATION_MODE = wholemodule;
				SWIFT_OPTIMIZATION_LEVEL = "-O";
				VALIDATE_PRODUCT = YES;
			};
			name = Release;
		};
		B7267AD824B5044E004999B5 /* Debug */ = {
			isa = XCBuildConfiguration;
			buildSettings = {
				ASSETCATALOG_COMPILER_APPICON_NAME = AppIcon;
				CODE_SIGN_STYLE = Automatic;
				DEVELOPMENT_TEAM = 3E9R3592W8;
				INFOPLIST_FILE = Simp/Info.plist;
				LD_RUNPATH_SEARCH_PATHS = (
					"$(inherited)",
					"@executable_path/Frameworks",
				);
				PRODUCT_BUNDLE_IDENTIFIER = com.rodrigolemos.Simp;
				PRODUCT_NAME = "$(TARGET_NAME)";
				SWIFT_VERSION = 5.0;
				TARGETED_DEVICE_FAMILY = 1;
			};
			name = Debug;
		};
		B7267AD924B5044E004999B5 /* Release */ = {
			isa = XCBuildConfiguration;
			buildSettings = {
				ASSETCATALOG_COMPILER_APPICON_NAME = AppIcon;
				CODE_SIGN_STYLE = Automatic;
				DEVELOPMENT_TEAM = 3E9R3592W8;
				INFOPLIST_FILE = Simp/Info.plist;
				LD_RUNPATH_SEARCH_PATHS = (
					"$(inherited)",
					"@executable_path/Frameworks",
				);
				PRODUCT_BUNDLE_IDENTIFIER = com.rodrigolemos.Simp;
				PRODUCT_NAME = "$(TARGET_NAME)";
				SWIFT_VERSION = 5.0;
				TARGETED_DEVICE_FAMILY = 1;
			};
			name = Release;
		};
/* End XCBuildConfiguration section */

/* Begin XCConfigurationList section */
		B7267ABE24B5044C004999B5 /* Build configuration list for PBXProject "Simp" */ = {
			isa = XCConfigurationList;
			buildConfigurations = (
				B7267AD524B5044E004999B5 /* Debug */,
				B7267AD624B5044E004999B5 /* Release */,
			);
			defaultConfigurationIsVisible = 0;
			defaultConfigurationName = Release;
		};
		B7267AD724B5044E004999B5 /* Build configuration list for PBXNativeTarget "Simp" */ = {
			isa = XCConfigurationList;
			buildConfigurations = (
				B7267AD824B5044E004999B5 /* Debug */,
				B7267AD924B5044E004999B5 /* Release */,
			);
			defaultConfigurationIsVisible = 0;
			defaultConfigurationName = Release;
		};
/* End XCConfigurationList section */
	};
	rootObject = B7267ABB24B5044C004999B5 /* Project object */;
}
